
Microsoft Visual Studio Solution File, Format Version 12.00
# Visual Studio Version 16
VisualStudioVersion = 16.0.30804.86
MinimumVisualStudioVersion = 10.0.40219.1
Project("{2150E333-8FDC-42A3-9474-1A3956D46DE8}") = "Project", "Project", "{9AD796AE-F57F-4449-BDF0-4187159B8B6B}"
EndProject
Project("{2150E333-8FDC-42A3-9474-1A3956D46DE8}") = "Company", "Company", "{F257D953-B574-489C-8A28-765F15871966}"
EndProject
Project("{FAE04EC0-301F-11D3-BF4B-00C04F79EFBC}") = "Company", "src\Project\Company\code\Company.csproj", "{267D5CC9-0F93-4ED4-B9DC-04FC8B3B9CB5}"
EndProject
Project("{2150E333-8FDC-42A3-9474-1A3956D46DE8}") = "Feature", "Feature", "{4D066308-2D84-4395-AFC0-B0A18B59E4AA}"
EndProject
Project("{2150E333-8FDC-42A3-9474-1A3956D46DE8}") = "Foundation", "Foundation", "{4363F609-2990-40D1-AFD7-F69B148A2FD1}"
EndProject
Global
	GlobalSection(SolutionConfigurationPlatforms) = preSolution
		Debug|Any CPU = Debug|Any CPU
		Release|Any CPU = Release|Any CPU
	EndGlobalSection
	GlobalSection(ProjectConfigurationPlatforms) = postSolution
		{267D5CC9-0F93-4ED4-B9DC-04FC8B3B9CB5}.Debug|Any CPU.ActiveCfg = Debug|Any CPU
		{267D5CC9-0F93-4ED4-B9DC-04FC8B3B9CB5}.Debug|Any CPU.Build.0 = Debug|Any CPU
		{267D5CC9-0F93-4ED4-B9DC-04FC8B3B9CB5}.Release|Any CPU.ActiveCfg = Release|Any CPU
		{267D5CC9-0F93-4ED4-B9DC-04FC8B3B9CB5}.Release|Any CPU.Build.0 = Release|Any CPU
	EndGlobalSection
	GlobalSection(SolutionProperties) = preSolution
		HideSolutionNode = FALSE
	EndGlobalSection
	GlobalSection(NestedProjects) = preSolution
		{F257D953-B574-489C-8A28-765F15871966} = {9AD796AE-F57F-4449-BDF0-4187159B8B6B}
		{267D5CC9-0F93-4ED4-B9DC-04FC8B3B9CB5} = {F257D953-B574-489C-8A28-765F15871966}
	EndGlobalSection
	GlobalSection(ExtensibilityGlobals) = postSolution
		SolutionGuid = {BB7419E4-1060-4DFA-AF42-268244A0CF3E}
	EndGlobalSection
EndGlobal
